
Microsoft Visual Studio Solution File, Format Version 12.00
# Visual Studio Version 17
VisualStudioVersion = 17.9.34902.65
MinimumVisualStudioVersion = 10.0.40219.1
Project("{FAE04EC0-301F-11D3-BF4B-00C04F79EFBC}") = "Sistema de Gestión de Biblioteca 2", "Sistema de Gestión de Biblioteca 2.csproj", "{AF792DAE-E937-45A6-87C5-1F9D2986C765}"
EndProject
Global
	GlobalSection(SolutionConfigurationPlatforms) = preSolution
		Debug|Any CPU = Debug|Any CPU
		Release|Any CPU = Release|Any CPU
	EndGlobalSection
	GlobalSection(ProjectConfigurationPlatforms) = postSolution
		{AF792DAE-E937-45A6-87C5-1F9D2986C765}.Debug|Any CPU.ActiveCfg = Debug|Any CPU
		{AF792DAE-E937-45A6-87C5-1F9D2986C765}.Debug|Any CPU.Build.0 = Debug|Any CPU
		{AF792DAE-E937-45A6-87C5-1F9D2986C765}.Release|Any CPU.ActiveCfg = Release|Any CPU
		{AF792DAE-E937-45A6-87C5-1F9D2986C765}.Release|Any CPU.Build.0 = Release|Any CPU
	EndGlobalSection
	GlobalSection(SolutionProperties) = preSolution
		HideSolutionNode = FALSE
	EndGlobalSection
	GlobalSection(ExtensibilityGlobals) = postSolution
		SolutionGuid = {732C4EA1-4AF0-46AC-8784-656EAD0652A2}
	EndGlobalSection
EndGlobal
